{
  "name": "eleventy-plugin-cloudcannon",
  "version": "0.0.3",
  "lockfileVersion": 2,
  "requires": true,
  "packages": {
    "": {
      "version": "0.0.3",
      "license": "MIT",
      "dependencies": {
        "pkginfo": "^0.4.1"
      }
    },
    "node_modules/pkginfo": {
      "version": "0.4.1",
      "resolved": "https://registry.npmjs.org/pkginfo/-/pkginfo-0.4.1.tgz",
      "integrity": "sha1-tUGO8EOd5UJfxJlQQtztFPsqhP8=",
      "engines": {
        "node": ">= 0.4.0"
      }
    }
  },
  "dependencies": {
    "pkginfo": {
      "version": "0.4.1",
      "resolved": "https://registry.npmjs.org/pkginfo/-/pkginfo-0.4.1.tgz",
      "integrity": "sha1-tUGO8EOd5UJfxJlQQtztFPsqhP8="
    }
  }
}
